
Microsoft Visual Studio Solution File, Format Version 12.00
# Visual Studio Version 16
VisualStudioVersion = 16.0.31702.278
MinimumVisualStudioVersion = 10.0.40219.1
Project("{FAE04EC0-301F-11D3-BF4B-00C04F79EFBC}") = "Volga Consol", "Volga Consol\Volga Consol.csproj", "{EEBB2685-7306-43B4-841F-F027BD7685B1}"
EndProject
Global
	GlobalSection(SolutionConfigurationPlatforms) = preSolution
		Debug|Any CPU = Debug|Any CPU
		Release|Any CPU = Release|Any CPU
	EndGlobalSection
	GlobalSection(ProjectConfigurationPlatforms) = postSolution
		{EEBB2685-7306-43B4-841F-F027BD7685B1}.Debug|Any CPU.ActiveCfg = Debug|Any CPU
		{EEBB2685-7306-43B4-841F-F027BD7685B1}.Debug|Any CPU.Build.0 = Debug|Any CPU
		{EEBB2685-7306-43B4-841F-F027BD7685B1}.Release|Any CPU.ActiveCfg = Release|Any CPU
		{EEBB2685-7306-43B4-841F-F027BD7685B1}.Release|Any CPU.Build.0 = Release|Any CPU
	EndGlobalSection
	GlobalSection(SolutionProperties) = preSolution
		HideSolutionNode = FALSE
	EndGlobalSection
	GlobalSection(ExtensibilityGlobals) = postSolution
		SolutionGuid = {D9A6CE66-A4A4-4492-AEA3-971C5F15505B}
	EndGlobalSection
EndGlobal
